
Microsoft Visual Studio Solution File, Format Version 12.00
# Visual Studio 15
VisualStudioVersion = 15.0.28307.168
MinimumVisualStudioVersion = 10.0.40219.1
Project("{FAE04EC0-301F-11D3-BF4B-00C04F79EFBC}") = "Food Libraries.Android", "Food Libraries\Food Libraries.Android\Food Libraries.Android.csproj", "{9FF9DCBE-CD1F-4644-A5D2-45707F9A00EC}"
EndProject
Project("{FAE04EC0-301F-11D3-BF4B-00C04F79EFBC}") = "Food Libraries.iOS", "Food Libraries\Food Libraries.iOS\Food Libraries.iOS.csproj", "{BAD32359-F996-498B-991B-0908468FC431}"
EndProject
Project("{FAE04EC0-301F-11D3-BF4B-00C04F79EFBC}") = "Food Libraries", "Food Libraries\Food Libraries\Food Libraries.csproj", "{D956021E-FEA3-4A7D-8CC2-850F56D4FB84}"
EndProject
Global
	GlobalSection(SolutionConfigurationPlatforms) = preSolution
		Ad-Hoc|Any CPU = Ad-Hoc|Any CPU
		Ad-Hoc|iPhone = Ad-Hoc|iPhone
		Ad-Hoc|iPhoneSimulator = Ad-Hoc|iPhoneSimulator
		AppStore|Any CPU = AppStore|Any CPU
		AppStore|iPhone = AppStore|iPhone
		AppStore|iPhoneSimulator = AppStore|iPhoneSimulator
		Debug|Any CPU = Debug|Any CPU
		Debug|iPhone = Debug|iPhone
		Debug|iPhoneSimulator = Debug|iPhoneSimulator
		Release|Any CPU = Release|Any CPU
		Release|iPhone = Release|iPhone
		Release|iPhoneSimulator = Release|iPhoneSimulator
	EndGlobalSection
	GlobalSection(ProjectConfigurationPlatforms) = postSolution
		{9FF9DCBE-CD1F-4644-A5D2-45707F9A00EC}.Ad-Hoc|Any CPU.ActiveCfg = Release|Any CPU
		{9FF9DCBE-CD1F-4644-A5D2-45707F9A00EC}.Ad-Hoc|Any CPU.Build.0 = Release|Any CPU
		{9FF9DCBE-CD1F-4644-A5D2-45707F9A00EC}.Ad-Hoc|Any CPU.Deploy.0 = Release|Any CPU
		{9FF9DCBE-CD1F-4644-A5D2-45707F9A00EC}.Ad-Hoc|iPhone.ActiveCfg = Release|Any CPU
		{9FF9DCBE-CD1F-4644-A5D2-45707F9A00EC}.Ad-Hoc|iPhone.Build.0 = Release|Any CPU
		{9FF9DCBE-CD1F-4644-A5D2-45707F9A00EC}.Ad-Hoc|iPhone.Deploy.0 = Release|Any CPU
		{9FF9DCBE-CD1F-4644-A5D2-45707F9A00EC}.Ad-Hoc|iPhoneSimulator.ActiveCfg = Release|Any CPU
		{9FF9DCBE-CD1F-4644-A5D2-45707F9A00EC}.Ad-Hoc|iPhoneSimulator.Build.0 = Release|Any CPU
		{9FF9DCBE-CD1F-4644-A5D2-45707F9A00EC}.Ad-Hoc|iPhoneSimulator.Deploy.0 = Release|Any CPU
		{9FF9DCBE-CD1F-4644-A5D2-45707F9A00EC}.AppStore|Any CPU.ActiveCfg = Release|Any CPU
		{9FF9DCBE-CD1F-4644-A5D2-45707F9A00EC}.AppStore|Any CPU.Build.0 = Release|Any CPU
		{9FF9DCBE-CD1F-4644-A5D2-45707F9A00EC}.AppStore|Any CPU.Deploy.0 = Release|Any CPU
		{9FF9DCBE-CD1F-4644-A5D2-45707F9A00EC}.AppStore|iPhone.ActiveCfg = Release|Any CPU
		{9FF9DCBE-CD1F-4644-A5D2-45707F9A00EC}.AppStore|iPhone.Build.0 = Release|Any CPU
		{9FF9DCBE-CD1F-4644-A5D2-45707F9A00EC}.AppStore|iPhone.Deploy.0 = Release|Any CPU
		{9FF9DCBE-CD1F-4644-A5D2-45707F9A00EC}.AppStore|iPhoneSimulator.ActiveCfg = Release|Any CPU
		{9FF9DCBE-CD1F-4644-A5D2-45707F9A00EC}.AppStore|iPhoneSimulator.Build.0 = Release|Any CPU
		{9FF9DCBE-CD1F-4644-A5D2-45707F9A00EC}.AppStore|iPhoneSimulator.Deploy.0 = Release|Any CPU
		{9FF9DCBE-CD1F-4644-A5D2-45707F9A00EC}.Debug|Any CPU.ActiveCfg = Debug|Any CPU
		{9FF9DCBE-CD1F-4644-A5D2-45707F9A00EC}.Debug|Any CPU.Build.0 = Debug|Any CPU
		{9FF9DCBE-CD1F-4644-A5D2-45707F9A00EC}.Debug|Any CPU.Deploy.0 = Debug|Any CPU
		{9FF9DCBE-CD1F-4644-A5D2-45707F9A00EC}.Debug|iPhone.ActiveCfg = Debug|Any CPU
		{9FF9DCBE-CD1F-4644-A5D2-45707F9A00EC}.Debug|iPhone.Build.0 = Debug|Any CPU
		{9FF9DCBE-CD1F-4644-A5D2-45707F9A00EC}.Debug|iPhone.Deploy.0 = Debug|Any CPU
		{9FF9DCBE-CD1F-4644-A5D2-45707F9A00EC}.Debug|iPhoneSimulator.ActiveCfg = Debug|Any CPU
		{9FF9DCBE-CD1F-4644-A5D2-45707F9A00EC}.Debug|iPhoneSimulator.Build.0 = Debug|Any CPU
		{9FF9DCBE-CD1F-4644-A5D2-45707F9A00EC}.Debug|iPhoneSimulator.Deploy.0 = Debug|Any CPU
		{9FF9DCBE-CD1F-4644-A5D2-45707F9A00EC}.Release|Any CPU.ActiveCfg = Release|Any CPU
		{9FF9DCBE-CD1F-4644-A5D2-45707F9A00EC}.Release|Any CPU.Build.0 = Release|Any CPU
		{9FF9DCBE-CD1F-4644-A5D2-45707F9A00EC}.Release|Any CPU.Deploy.0 = Release|Any CPU
		{9FF9DCBE-CD1F-4644-A5D2-45707F9A00EC}.Release|iPhone.ActiveCfg = Release|Any CPU
		{9FF9DCBE-CD1F-4644-A5D2-45707F9A00EC}.Release|iPhone.Build.0 = Release|Any CPU
		{9FF9DCBE-CD1F-4644-A5D2-45707F9A00EC}.Release|iPhone.Deploy.0 = Release|Any CPU
		{9FF9DCBE-CD1F-4644-A5D2-45707F9A00EC}.Release|iPhoneSimulator.ActiveCfg = Release|Any CPU
		{9FF9DCBE-CD1F-4644-A5D2-45707F9A00EC}.Release|iPhoneSimulator.Build.0 = Release|Any CPU
		{9FF9DCBE-CD1F-4644-A5D2-45707F9A00EC}.Release|iPhoneSimulator.Deploy.0 = Release|Any CPU
		{BAD32359-F996-498B-991B-0908468FC431}.Ad-Hoc|Any CPU.ActiveCfg = Ad-Hoc|iPhone
		{BAD32359-F996-498B-991B-0908468FC431}.Ad-Hoc|Any CPU.Build.0 = Ad-Hoc|iPhone
		{BAD32359-F996-498B-991B-0908468FC431}.Ad-Hoc|Any CPU.Deploy.0 = Ad-Hoc|iPhone
		{BAD32359-F996-498B-991B-0908468FC431}.Ad-Hoc|iPhone.ActiveCfg = Ad-Hoc|iPhone
		{BAD32359-F996-498B-991B-0908468FC431}.Ad-Hoc|iPhone.Build.0 = Ad-Hoc|iPhone
		{BAD32359-F996-498B-991B-0908468FC431}.Ad-Hoc|iPhone.Deploy.0 = Ad-Hoc|iPhone
		{BAD32359-F996-498B-991B-0908468FC431}.Ad-Hoc|iPhoneSimulator.ActiveCfg = Ad-Hoc|iPhoneSimulator
		{BAD32359-F996-498B-991B-0908468FC431}.Ad-Hoc|iPhoneSimulator.Build.0 = Ad-Hoc|iPhoneSimulator
		{BAD32359-F996-498B-991B-0908468FC431}.Ad-Hoc|iPhoneSimulator.Deploy.0 = Ad-Hoc|iPhoneSimulator
		{BAD32359-F996-498B-991B-0908468FC431}.AppStore|Any CPU.ActiveCfg = AppStore|iPhone
		{BAD32359-F996-498B-991B-0908468FC431}.AppStore|Any CPU.Build.0 = AppStore|iPhone
		{BAD32359-F996-498B-991B-0908468FC431}.AppStore|Any CPU.Deploy.0 = AppStore|iPhone
		{BAD32359-F996-498B-991B-0908468FC431}.AppStore|iPhone.ActiveCfg = AppStore|iPhone
		{BAD32359-F996-498B-991B-0908468FC431}.AppStore|iPhone.Build.0 = AppStore|iPhone
		{BAD32359-F996-498B-991B-0908468FC431}.AppStore|iPhone.Deploy.0 = AppStore|iPhone
		{BAD32359-F996-498B-991B-0908468FC431}.AppStore|iPhoneSimulator.ActiveCfg = AppStore|iPhoneSimulator
		{BAD32359-F996-498B-991B-0908468FC431}.AppStore|iPhoneSimulator.Build.0 = AppStore|iPhoneSimulator
		{BAD32359-F996-498B-991B-0908468FC431}.AppStore|iPhoneSimulator.Deploy.0 = AppStore|iPhoneSimulator
		{BAD32359-F996-498B-991B-0908468FC431}.Debug|Any CPU.ActiveCfg = Debug|iPhoneSimulator
		{BAD32359-F996-498B-991B-0908468FC431}.Debug|Any CPU.Build.0 = Debug|iPhoneSimulator
		{BAD32359-F996-498B-991B-0908468FC431}.Debug|Any CPU.Deploy.0 = Debug|iPhoneSimulator
		{BAD32359-F996-498B-991B-0908468FC431}.Debug|iPhone.ActiveCfg = Debug|iPhone
		{BAD32359-F996-498B-991B-0908468FC431}.Debug|iPhone.Build.0 = Debug|iPhone
		{BAD32359-F996-498B-991B-0908468FC431}.Debug|iPhone.Deploy.0 = Debug|iPhone
		{BAD32359-F996-498B-991B-0908468FC431}.Debug|iPhoneSimulator.ActiveCfg = Debug|iPhoneSimulator
		{BAD32359-F996-498B-991B-0908468FC431}.Debug|iPhoneSimulator.Build.0 = Debug|iPhoneSimulator
		{BAD32359-F996-498B-991B-0908468FC431}.Debug|iPhoneSimulator.Deploy.0 = Debug|iPhoneSimulator
		{BAD32359-F996-498B-991B-0908468FC431}.Release|Any CPU.ActiveCfg = Release|iPhone
		{BAD32359-F996-498B-991B-0908468FC431}.Release|Any CPU.Build.0 = Release|iPhone
		{BAD32359-F996-498B-991B-0908468FC431}.Release|Any CPU.Deploy.0 = Release|iPhone
		{BAD32359-F996-498B-991B-0908468FC431}.Release|iPhone.ActiveCfg = Release|iPhone
		{BAD32359-F996-498B-991B-0908468FC431}.Release|iPhone.Build.0 = Release|iPhone
		{BAD32359-F996-498B-991B-0908468FC431}.Release|iPhone.Deploy.0 = Release|iPhone
		{BAD32359-F996-498B-991B-0908468FC431}.Release|iPhoneSimulator.ActiveCfg = Release|iPhoneSimulator
		{BAD32359-F996-498B-991B-0908468FC431}.Release|iPhoneSimulator.Build.0 = Release|iPhoneSimulator
		{BAD32359-F996-498B-991B-0908468FC431}.Release|iPhoneSimulator.Deploy.0 = Release|iPhoneSimulator
		{D956021E-FEA3-4A7D-8CC2-850F56D4FB84}.Ad-Hoc|Any CPU.ActiveCfg = Debug|Any CPU
		{D956021E-FEA3-4A7D-8CC2-850F56D4FB84}.Ad-Hoc|Any CPU.Build.0 = Debug|Any CPU
		{D956021E-FEA3-4A7D-8CC2-850F56D4FB84}.Ad-Hoc|Any CPU.Deploy.0 = Debug|Any CPU
		{D956021E-FEA3-4A7D-8CC2-850F56D4FB84}.Ad-Hoc|iPhone.ActiveCfg = Debug|Any CPU
		{D956021E-FEA3-4A7D-8CC2-850F56D4FB84}.Ad-Hoc|iPhone.Build.0 = Debug|Any CPU
		{D956021E-FEA3-4A7D-8CC2-850F56D4FB84}.Ad-Hoc|iPhone.Deploy.0 = Debug|Any CPU
		{D956021E-FEA3-4A7D-8CC2-850F56D4FB84}.Ad-Hoc|iPhoneSimulator.ActiveCfg = Debug|Any CPU
		{D956021E-FEA3-4A7D-8CC2-850F56D4FB84}.Ad-Hoc|iPhoneSimulator.Build.0 = Debug|Any CPU
		{D956021E-FEA3-4A7D-8CC2-850F56D4FB84}.Ad-Hoc|iPhoneSimulator.Deploy.0 = Debug|Any CPU
		{D956021E-FEA3-4A7D-8CC2-850F56D4FB84}.AppStore|Any CPU.ActiveCfg = Debug|Any CPU
		{D956021E-FEA3-4A7D-8CC2-850F56D4FB84}.AppStore|Any CPU.Build.0 = Debug|Any CPU
		{D956021E-FEA3-4A7D-8CC2-850F56D4FB84}.AppStore|Any CPU.Deploy.0 = Debug|Any CPU
		{D956021E-FEA3-4A7D-8CC2-850F56D4FB84}.AppStore|iPhone.ActiveCfg = Debug|Any CPU
		{D956021E-FEA3-4A7D-8CC2-850F56D4FB84}.AppStore|iPhone.Build.0 = Debug|Any CPU
		{D956021E-FEA3-4A7D-8CC2-850F56D4FB84}.AppStore|iPhone.Deploy.0 = Debug|Any CPU
		{D956021E-FEA3-4A7D-8CC2-850F56D4FB84}.AppStore|iPhoneSimulator.ActiveCfg = Debug|Any CPU
		{D956021E-FEA3-4A7D-8CC2-850F56D4FB84}.AppStore|iPhoneSimulator.Build.0 = Debug|Any CPU
		{D956021E-FEA3-4A7D-8CC2-850F56D4FB84}.AppStore|iPhoneSimulator.Deploy.0 = Debug|Any CPU
		{D956021E-FEA3-4A7D-8CC2-850F56D4FB84}.Debug|Any CPU.ActiveCfg = Debug|Any CPU
		{D956021E-FEA3-4A7D-8CC2-850F56D4FB84}.Debug|Any CPU.Build.0 = Debug|Any CPU
		{D956021E-FEA3-4A7D-8CC2-850F56D4FB84}.Debug|Any CPU.Deploy.0 = Debug|Any CPU
		{D956021E-FEA3-4A7D-8CC2-850F56D4FB84}.Debug|iPhone.ActiveCfg = Debug|Any CPU
		{D956021E-FEA3-4A7D-8CC2-850F56D4FB84}.Debug|iPhone.Build.0 = Debug|Any CPU
		{D956021E-FEA3-4A7D-8CC2-850F56D4FB84}.Debug|iPhone.Deploy.0 = Debug|Any CPU
		{D956021E-FEA3-4A7D-8CC2-850F56D4FB84}.Debug|iPhoneSimulator.ActiveCfg = Debug|Any CPU
		{D956021E-FEA3-4A7D-8CC2-850F56D4FB84}.Debug|iPhoneSimulator.Build.0 = Debug|Any CPU
		{D956021E-FEA3-4A7D-8CC2-850F56D4FB84}.Debug|iPhoneSimulator.Deploy.0 = Debug|Any CPU
		{D956021E-FEA3-4A7D-8CC2-850F56D4FB84}.Release|Any CPU.ActiveCfg = Release|Any CPU
		{D956021E-FEA3-4A7D-8CC2-850F56D4FB84}.Release|Any CPU.Build.0 = Release|Any CPU
		{D956021E-FEA3-4A7D-8CC2-850F56D4FB84}.Release|Any CPU.Deploy.0 = Release|Any CPU
		{D956021E-FEA3-4A7D-8CC2-850F56D4FB84}.Release|iPhone.ActiveCfg = Release|Any CPU
		{D956021E-FEA3-4A7D-8CC2-850F56D4FB84}.Release|iPhone.Build.0 = Release|Any CPU
		{D956021E-FEA3-4A7D-8CC2-850F56D4FB84}.Release|iPhone.Deploy.0 = Release|Any CPU
		{D956021E-FEA3-4A7D-8CC2-850F56D4FB84}.Release|iPhoneSimulator.ActiveCfg = Release|Any CPU
		{D956021E-FEA3-4A7D-8CC2-850F56D4FB84}.Release|iPhoneSimulator.Build.0 = Release|Any CPU
		{D956021E-FEA3-4A7D-8CC2-850F56D4FB84}.Release|iPhoneSimulator.Deploy.0 = Release|Any CPU
	EndGlobalSection
	GlobalSection(SolutionProperties) = preSolution
		HideSolutionNode = FALSE
	EndGlobalSection
	GlobalSection(ExtensibilityGlobals) = postSolution
		SolutionGuid = {27D727F3-655E-43FD-9E49-846FCD3210A7}
	EndGlobalSection
EndGlobal
